---
- name: 진단 및 조치 - 화면보호기 대기 시간 및 암호 설정
  hosts: target_servers
  ignore_errors: true
  ignore_unreachable: true
  any_errors_fatal: false
  become: yes
  gather_facts: yes

  # 1. 변수 정의
  vars:
    # --- 설정 목표 ---
    lock_delay_seconds: 600 # 10분
    lock_enabled: true

    # --- dconf 설정 경로 (GNOME) ---
    dconf_profile_path: "/etc/dconf/profile/gdm"
    dconf_db_path: "/etc/dconf/db/gdm.d"
    dconf_keyfile_path: "{{ dconf_db_path }}/00-security-settings"

    # --- 보고서 관련 ---
    playbook_name: "1_2_10_screen_lock.yml"
    remediation_tasks_performed: []
    manual_remediation_guide: "gsettings 또는 dconf-editor를 사용하여 org.gnome.desktop.session idle-delay를 600 이하로, org.gnome.desktop.screensaver lock-enabled를 true로 설정하십시오."

  handlers:
    - name: dconf 데이터베이스 업데이트
      ansible.builtin.command: dconf update
      listen: "update dconf database"

  tasks:
    # 🔧 사전 체크: Facts 수집 실패 시 기본값 설정
    - name: Facts 수집 상태 확인 및 기본값 설정
      set_fact:
        is_vulnerable: false
        facts_available: "{{ ansible_facts is defined and ansible_facts.os_family is defined }}"
        packages_available: "{{ ansible_facts is defined and ansible_facts.packages is defined }}"
      ignore_errors: true

    # 2. 진단
    # GDM3 패키지 존재 여부로 데스크탑 환경인지 간접적으로 확인
    - name: GDM3 존재 여부 확인
      ansible.builtin.package_facts:
        manager: auto
      when: 
        - facts_available | bool
        - ansible_facts.os_family == 'Debian'
      ignore_errors: true

    # 패키지 정보 재확인
    - name: 패키지 정보 상태 업데이트
      set_fact:
        packages_available: "{{ ansible_facts is defined and ansible_facts.packages is defined }}"
        gdm3_installed: "{{ ansible_facts is defined and ansible_facts.packages is defined and 'gdm3' in ansible_facts.packages }}"
      ignore_errors: true

    # dconf 키 파일이 존재하고, 내용이 올바른지 확인
    - name: dconf 화면 잠금 설정 진단
      ansible.builtin.shell: |
        # 파일이 없으면 취약(rc=1)
        if [ ! -f {{ dconf_keyfile_path }} ]; then
          exit 1
        fi
        # 설정 내용 확인
        grep -qE "^\s*idle-delay=uint32 {{ lock_delay_seconds }}" "{{ dconf_keyfile_path }}" && \
        grep -qE "^\s*lock-enabled={{ lock_enabled | lower }}" "{{ dconf_keyfile_path }}"
      register: dconf_check
      changed_when: false
      failed_when: false
      when: gdm3_installed | bool
      ignore_errors: true

    # 취약 여부 종합 판단
    - name: 취약 여부 종합 판단
      ansible.builtin.set_fact:
        # GDM이 없으면 점검 대상이 아니므로 양호(not vulnerable)
        # GDM이 있고, 진단 결과가 양호(rc=0)가 아니면 취약
        is_vulnerable: "{{ (dconf_check.rc != 0) if (gdm3_installed | bool) else false }}"
        report_timestamp: "{{ ansible_date_time.iso8601 }}"
      ignore_errors: true

    # 3. 진단 결과 보고
    # 진단 결과를 콘솔에 간단히 출력
    - name: 진단 결과 콘솔 출력
      ansible.builtin.debug:
        msg: "진단결과: {% if not (gdm3_installed | bool) %}N/A (GNOME 데스크탑 아님){% elif is_vulnerable %}취약{% else %}양호{% endif %}"
      when: packages_available | bool

    # 초기 JSON 보고서 데이터 생성
    - name: 초기 JSON 보고서 생성
      ansible.builtin.set_fact:
        current_report_data:
          playbook_name: "{{ playbook_name }}"
          task_description: "화면보호기 대기 시간 및 암호 설정"
          diagnosis_result: "{% if not (gdm3_installed | bool) %}N/A{% elif is_vulnerable %}취약{% else %}양호{% endif %}"
          is_vulnerable: "{{ is_vulnerable }}"
          timestamp: "{{ report_timestamp | default(ansible_date_time.iso8601) }}"
          hostname: "{{ inventory_hostname }}"
          vulnerability_details:
            reason: "{{ '시스템 전역 화면보호기 정책이 설정되어 있지 않거나 기준 미달입니다.' if is_vulnerable else '양호합니다.' }}"
          remediation_tasks_performed: []
      ignore_errors: true

    # 초기 JSON 보고서 파일 저장
    - name: 초기 JSON 보고서 파일 저장
      ansible.builtin.copy:
        content: "{{ current_report_data | to_nice_json }}"
        dest: "{{ result_json_path }}"
        mode: '0644'
      delegate_to: localhost
      become: false
      ignore_errors: true

    # 4. 조치
    # 시스템 전역 dconf 설정을 생성하고 적용
    - name: 화면 잠금 정책 조치 블록
      block:
        - name: GDM 프로필 디렉터리 생성
          ansible.builtin.file:
            path: "/etc/dconf/profile"
            state: directory
            mode: '0755'

        - name: GDM 프로필 설정
          ansible.builtin.copy:
            content: |
              user-db:user
              system-db:gdm
              file-db:/usr/share/gdm/greeter-dconf-defaults
            dest: "{{ dconf_profile_path }}"
          notify: update dconf database

        - name: GDM dconf 디렉터리 생성
          ansible.builtin.file:
            path: "{{ dconf_db_path }}"
            state: directory
            mode: '0755'

        - name: 화면 잠금 보안 정책 설정 파일 생성
          ansible.builtin.blockinfile:
            path: "{{ dconf_keyfile_path }}"
            block: |
              [org/gnome/desktop/session]
              idle-delay=uint32 {{ lock_delay_seconds }}
              [org/gnome/desktop/screensaver]
              lock-enabled={{ lock_enabled | lower }}
            state: present
            create: yes
            mode: '0644'
          register: dconf_remediation
          notify: update dconf database

      when: is_vulnerable | bool
      ignore_errors: true

    # 핸들러를 즉시 실행해야 할 경우
    - name: dconf 데이터베이스 변경사항 즉시 적용
      ansible.builtin.meta:
        flush_handlers
      when: is_vulnerable | bool
      ignore_errors: true

    # 5. 조치 결과 보고
    # 수행된 조치 작업 기록
    - name: 수행된 조치 작업 기록
      ansible.builtin.set_fact:
        remediation_done: "{{ dconf_remediation.changed | default(false) }}"
        remediation_tasks_performed: "{{ ['dconf 시스템 전역 설정 적용'] if dconf_remediation.changed | default(false) else [] }}"
      when: is_vulnerable | bool
      ignore_errors: true

    # 조치 결과를 콘솔에 출력
    - name: 조치 결과 콘솔 출력
      ansible.builtin.debug:
        msg: |
          총괄 조치 결과: {% if remediation_done | default(false) %}조치 완료
          {% elif not is_vulnerable %}조치 불필요 (양호)
          {% else %}조치 실패 (수동 조치 필요)
          --------------------------------------------------
          [수동 조치 권고]
          {{ manual_remediation_guide }}
          --------------------------------------------------
          {% endif %}
      when: 
        - not ansible_check_mode 
        - gdm3_installed | bool
      ignore_errors: true

    # 최종 JSON 보고서에 조치 결과 추가
    - name: 최종 JSON 보고서에 조치 결과 추가
      ansible.builtin.set_fact:
        current_report_data: "{{ (lookup('file', result_json_path) | from_json) | combine({
            'remediation_applied': remediation_done | default(false),
            'remediation_result': '조치 완료' if (remediation_done | default(false)) else ('조치 불필요' if not is_vulnerable else '조치 실패 (수동 조치 필요)'),
            'remediation_timestamp': report_timestamp | default(ansible_date_time.iso8601),
            'remediation_tasks_performed': remediation_tasks_performed | default([]),
            'remediation_guide': manual_remediation_guide if (is_vulnerable and not (remediation_done | default(false))) else ''
          }, recursive=True) }}"
      when: 
        - not ansible_check_mode 
        - is_vulnerable | bool
      ignore_errors: true

    # 최종 JSON 보고서 파일 덮어쓰기
    - name: 최종 JSON 보고서 파일 저장
      ansible.builtin.copy:
        content: "{{ current_report_data | to_nice_json }}"
        dest: "{{ result_json_path }}"
        mode: '0644'
      delegate_to: localhost
      become: false
      when: 
        - not ansible_check_mode 
        - is_vulnerable | bool
      ignore_errors: true